version = 1
revision = 3
requires-python = ">=3.13"

[[package]]
name = "pymupdf"
version = "1.27.2.2"
source = { registry = "https://pypi.org/simple" }
sdist = { url = "https://files.pythonhosted.org/packages/f1/32/f6b645c51d79a188a4844140c5dabca7b487ad56c4be69c4bc782d0d11a9/pymupdf-1.27.2.2.tar.gz", hash = "sha256:ea8fdc3ab6671ca98f629d5ec3032d662c8cf1796b146996b7ad306ac7ed3335", size = 85354380, upload-time = "2026-03-20T09:47:58.386Z" }
wheels = [
    { url = "https://files.pythonhosted.org/packages/90/88/d01992a50165e22dec057a1129826846c547feb4ba07f42720ac030ce438/pymupdf-1.27.2.2-cp310-abi3-macosx_10_9_x86_64.whl", hash = "sha256:800f43e60a6f01f644343c2213b8613db02eaf4f4ba235b417b3351fa99e01c0", size = 23987563, upload-time = "2026-03-19T12:35:42.989Z" },
    { url = "https://files.pythonhosted.org/packages/6d/0e/9f526bc1d49d8082eff0d1547a69d541a0c5a052e71da625559efaba46a6/pymupdf-1.27.2.2-cp310-abi3-macosx_11_0_arm64.whl", hash = "sha256:8e2e4299ef1ac0c9dff9be096cbd22783699673abecfa7c3f73173ae06421d73", size = 23263089, upload-time = "2026-03-20T09:44:16.982Z" },
    { url = "https://files.pythonhosted.org/packages/42/be/984f0d6343935b5dd30afaed6be04fc753146bf55709e63ef28bf9ef7497/pymupdf-1.27.2.2-cp310-abi3-manylinux_2_28_aarch64.whl", hash = "sha256:c5e3d54922db1c7da844f1208ac1db05704770988752311f81dd36694ae0a07b", size = 24318817, upload-time = "2026-03-20T09:44:33.209Z" },
    { url = "https://files.pythonhosted.org/packages/22/8e/85e9d9f11dbf34036eb1df283805ef6b885f2005a56d6533bb58ab0b8a11/pymupdf-1.27.2.2-cp310-abi3-manylinux_2_28_x86_64.whl", hash = "sha256:892698c9768457eb0991c102c96a856c0a7062539371df5e6bee0816f3ef498e", size = 24948135, upload-time = "2026-03-20T09:44:51.012Z" },
    { url = "https://files.pythonhosted.org/packages/db/e6/386edb017e5b93f1ab0bf6653ae32f3dd8dfc834ed770212e10ca62f4af9/pymupdf-1.27.2.2-cp310-abi3-musllinux_1_2_x86_64.whl", hash = "sha256:8b4bbfa6ef347fade678771a93f6364971c51a2cdc44cd2400dc4eeed1ddb4e6", size = 25169585, upload-time = "2026-03-20T09:45:05.393Z" },
    { url = "https://files.pythonhosted.org/packages/ba/fd/f1ebe24fcd31aaea8b85b3a7ac4c3fc96e20388be5466ace27c9a3c546d9/pymupdf-1.27.2.2-cp310-abi3-win32.whl", hash = "sha256:0b8e924433b7e0bd46be820899300259235997d5a747638471fb2762baa8ee30", size = 18008861, upload-time = "2026-03-20T09:45:21.353Z" },
    { url = "https://files.pythonhosted.org/packages/a8/b6/2a9a8556000199bbf80a5915dcd15d550d1e5288894316445c54726aaf53/pymupdf-1.27.2.2-cp310-abi3-win_amd64.whl", hash = "sha256:09bb53f9486ccb5297030cbc2dbdae845ba1c3c5126e96eb2d16c4f118de0b5b", size = 19238032, upload-time = "2026-03-20T09:45:37.941Z" },
    { url = "https://files.pythonhosted.org/packages/c2/c6/e3e11c42f09b9c34ec332c0f37b817671b59ef4001895b854f0494092105/pymupdf-1.27.2.2-cp314-cp314t-manylinux_2_28_x86_64.whl", hash = "sha256:6cebfbbdfd219ebdebf4d8e3914624b2e3d3a844c43f4f76935822dd9b13cc12", size = 24985299, upload-time = "2026-03-20T09:45:53.26Z" },
]

[[package]]
name = "pyside6"
version = "6.11.0"
source = { registry = "https://pypi.org/simple" }
dependencies = [
    { name = "pyside6-addons" },
    { name = "pyside6-essentials" },
    { name = "shiboken6" },
]
wheels = [
    { url = "https://files.pythonhosted.org/packages/f4/95/f3f5a2799163b6658126d78a85bc1dec9eda88c75c26780556b26071a1d8/pyside6-6.11.0-cp310-abi3-macosx_13_0_universal2.whl", hash = "sha256:1f2735dc4f2bd4ec452ae50502c8a22128bba0aced35358a2bbc58384b820c6f", size = 571544, upload-time = "2026-03-23T12:47:20.263Z" },
    { url = "https://files.pythonhosted.org/packages/da/89/9a1f521051714e6694ebbe2b979ded279845ec8e25cb309ca3960158d74f/pyside6-6.11.0-cp310-abi3-manylinux_2_34_x86_64.whl", hash = "sha256:c642e2d25704ca746fd37f56feacf25c5aecc4cd40bef23d18eec81f87d9dc00", size = 571725, upload-time = "2026-03-23T12:47:21.727Z" },
    { url = "https://files.pythonhosted.org/packages/c2/3d/f779d8bba00fcde31a7d7fb6b59347a70773c9cc8135592dea9972579877/pyside6-6.11.0-cp310-abi3-manylinux_2_39_aarch64.whl", hash = "sha256:267b344c73580ac938ca63c611881fb42a3922ebfe043e271005f4f06c372c4e", size = 571722, upload-time = "2026-03-23T12:47:22.761Z" },
    { url = "https://files.pythonhosted.org/packages/ac/98/150e01a026df3e9697310236821fa825319bb4b9d6137539cb25a3032968/pyside6-6.11.0-cp310-abi3-win_amd64.whl", hash = "sha256:9092cb002ca43c64006afb2e0d0f6f51aef17aa737c33a45e502326a081ddcbc", size = 577988, upload-time = "2026-03-23T12:47:23.795Z" },
    { url = "https://files.pythonhosted.org/packages/50/e7/55960f7c6b41d058e95cb4af02652c46c48702c506c8bbf12e99550e1fb3/pyside6-6.11.0-cp310-abi3-win_arm64.whl", hash = "sha256:b15f39acc2b8f46251a630acad0d97f9a0a0461f2baffcd66d7adfada8eb641e", size = 561372, upload-time = "2026-03-23T12:47:25.073Z" },
]

[[package]]
name = "pyside6-addons"
version = "6.11.0"
source = { registry = "https://pypi.org/simple" }
dependencies = [
    { name = "pyside6-essentials" },
    { name = "shiboken6" },
]
wheels = [
    { url = "https://files.pythonhosted.org/packages/c0/df/241f311c61a46b7b1195927da77b2537692ee3442aa9ccd87981164ff78d/pyside6_addons-6.11.0-cp310-abi3-macosx_13_0_universal2.whl", hash = "sha256:d5eaa4643302e3a0fa94c5766234bee4073d7d5ab9c2b7fd222692a176faf182", size = 331554157, upload-time = "2026-03-23T12:40:40.497Z" },
    { url = "https://files.pythonhosted.org/packages/31/b9/e81172835ccc9d8b9792cc6bf7524a252a0db9a76ddd693de230402697f9/pyside6_addons-6.11.0-cp310-abi3-manylinux_2_34_x86_64.whl", hash = "sha256:ac6fe3d4ef4497dde3efc5e896b0acd53ff6c93be4bf485f045690f919419f35", size = 174948482, upload-time = "2026-03-23T12:41:05.379Z" },
    { url = "https://files.pythonhosted.org/packages/a8/a4/426d9333782bf65ab2a20257d6b4b3af9b8d5d7a710da719865fab49d492/pyside6_addons-6.11.0-cp310-abi3-manylinux_2_39_aarch64.whl", hash = "sha256:8ffb40222456078930816ebcac2f2511716d2acbc11716dd5acc5c365179a753", size = 170430798, upload-time = "2026-03-23T12:41:38.134Z" },
    { url = "https://files.pythonhosted.org/packages/35/9a/46d271fedfabad8c6dce2ebb69bb593745487ed33753a56a47c3ba4fdb1c/pyside6_addons-6.11.0-cp310-abi3-win_amd64.whl", hash = "sha256:413e6121c24f5ffdce376298059eddecff74aa6d638e94e0f6015b33d29b889e", size = 168723088, upload-time = "2026-03-23T12:42:00.668Z" },
    { url = "https://files.pythonhosted.org/packages/16/cd/1b28264f7dc9a642da2e4e7c02f67418d0949eb7ce329ae20869703c2630/pyside6_addons-6.11.0-cp310-abi3-win_arm64.whl", hash = "sha256:aaaee83385977a0fe134b2f4fbfb92b45a880d5b656e4d90a708eef10b1b6de8", size = 35698324, upload-time = "2026-03-23T12:42:13.748Z" },
]

[[package]]
name = "pyside6-essentials"
version = "6.11.0"
source = { registry = "https://pypi.org/simple" }
dependencies = [
    { name = "shiboken6" },
]
wheels = [
    { url = "https://files.pythonhosted.org/packages/d2/00/8a8583d3429c737cc20e61a43eba8ab1ec13ddb101e99802c2ffeedf3b41/pyside6_essentials-6.11.0-cp310-abi3-macosx_13_0_universal2.whl", hash = "sha256:85d6ca87ef35fa6565d385ede72ae48420dd3f63113929d10fc800f6b0360e01", size = 108085251, upload-time = "2026-03-23T12:42:52.872Z" },
    { url = "https://files.pythonhosted.org/packages/f3/a9/07c9e5c014b871c1b19caf8f994bcd50b345559b81f81671217b49559b67/pyside6_essentials-6.11.0-cp310-abi3-manylinux_2_34_x86_64.whl", hash = "sha256:dc20e7afd5fc6fe51297db91cef997ce60844be578f7a49fc61b7ab9657a8849", size = 78316055, upload-time = "2026-03-23T12:43:04.19Z" },
    { url = "https://files.pythonhosted.org/packages/7c/35/f06b1b641d7600ec46374c16cd37c66fa4a22870326b4eb073a95471035f/pyside6_essentials-6.11.0-cp310-abi3-manylinux_2_39_aarch64.whl", hash = "sha256:4854cb0a1b061e7a576d8fb7bb7cf9f49540d558b1acb7df0742a7afefe61e4e", size = 77380821, upload-time = "2026-03-23T12:43:24.649Z" },
    { url = "https://files.pythonhosted.org/packages/ff/37/ba95c6262836d2b286b4e05a9d16a5e870995d5d2503ac6adc6312208049/pyside6_essentials-6.11.0-cp310-abi3-win_amd64.whl", hash = "sha256:3b3362882ad9389357a80504e600180006a957731fec05786fced7b038461fdf", size = 75793322, upload-time = "2026-03-23T12:43:35.575Z" },
    { url = "https://files.pythonhosted.org/packages/53/27/d17f25e45820e633a70e6109b35991eda09a5e8000c2a306f0ab7538d48c/pyside6_essentials-6.11.0-cp310-abi3-win_arm64.whl", hash = "sha256:81ca603dbf21bc39f89bb42db215c25ebe0c879a1a4c387625c321d2730ec187", size = 56337457, upload-time = "2026-03-23T12:43:43.573Z" },
]

[[package]]
name = "python-utils"
version = "0.1.0"
source = { virtual = "." }
dependencies = [
    { name = "pymupdf" },
    { name = "pyside6" },
]

[package.metadata]
requires-dist = [
    { name = "pymupdf", specifier = ">=1.27.2.2" },
    { name = "pyside6", specifier = ">=6.11.0" },
]

[[package]]
name = "shiboken6"
version = "6.11.0"
source = { registry = "https://pypi.org/simple" }
wheels = [
    { url = "https://files.pythonhosted.org/packages/82/1d/b56b7b694fbc871496435488d1f41c5068de546334850d722756511cef65/shiboken6-6.11.0-cp310-abi3-macosx_13_0_universal2.whl", hash = "sha256:d88e8a1eb705f2b9ad21db08a61ae1dc0c773e5cd86a069de0754c4cf1f9b43b", size = 476085, upload-time = "2026-03-23T12:47:05.724Z" },
    { url = "https://files.pythonhosted.org/packages/65/cb/4bb0c76011166230daa7c0074aeb3fdb3935c83ac1fef3789b85fcd1a8fc/shiboken6-6.11.0-cp310-abi3-manylinux_2_34_x86_64.whl", hash = "sha256:ad54e64f8192ddbdff0c54ac82b89edcd62ed623f502ea21c960541d19514053", size = 271055, upload-time = "2026-03-23T12:47:07.349Z" },
    { url = "https://files.pythonhosted.org/packages/f5/96/771a6e2b530f725303d16d78a321fa4876b98b4f3615c9851880df8c1a43/shiboken6-6.11.0-cp310-abi3-manylinux_2_39_aarch64.whl", hash = "sha256:a10dc7718104ea2dc15d5b0b96909b77162ce1c76fcc6968e6df692b947a00e9", size = 267456, upload-time = "2026-03-23T12:47:08.689Z" },
    { url = "https://files.pythonhosted.org/packages/72/f7/44c0c42c3f5f29dec457fd46ea0552174bcb8aa75becf03bbd90308ba07b/shiboken6-6.11.0-cp310-abi3-win_amd64.whl", hash = "sha256:483ff78a73c7b3189ca924abc694318084f078bcfeaffa68e32024ff2d025ee1", size = 1222132, upload-time = "2026-03-23T12:47:10.143Z" },
    { url = "https://files.pythonhosted.org/packages/fb/99/6e5ee21db2d6af84bbbd7d871d441dafeb069c6de5667b1aa49891a77c66/shiboken6-6.11.0-cp310-abi3-win_arm64.whl", hash = "sha256:3bd76cf56105ab2d62ecaff630366f11264f69b88d488f10f048da9a065781f4", size = 1783186, upload-time = "2026-03-23T12:47:11.832Z" },
]
